
Microsoft Visual Studio Solution File, Format Version 12.00
# Visual Studio 15
VisualStudioVersion = 15.0.27703.2035
MinimumVisualStudioVersion = 10.0.40219.1
Project("{FAE04EC0-301F-11D3-BF4B-00C04F79EFBC}") = "TimedTasks.Android", "TimedTasks\TimedTasks.Android\TimedTasks.Android.csproj", "{F9FEE1CE-2C1E-4B88-9CC3-4FAD3B9A9CC7}"
EndProject
Project("{9A19103F-16F7-4668-BE54-9A1E7A4F7556}") = "TimedTasks", "TimedTasks\TimedTasks\TimedTasks.csproj", "{64B75214-0518-4D31-B8F8-03D1366FF019}"
EndProject
Global
	GlobalSection(SolutionConfigurationPlatforms) = preSolution
		Debug|Any CPU = Debug|Any CPU
		Release|Any CPU = Release|Any CPU
	EndGlobalSection
	GlobalSection(ProjectConfigurationPlatforms) = postSolution
		{F9FEE1CE-2C1E-4B88-9CC3-4FAD3B9A9CC7}.Debug|Any CPU.ActiveCfg = Debug|Any CPU
		{F9FEE1CE-2C1E-4B88-9CC3-4FAD3B9A9CC7}.Debug|Any CPU.Build.0 = Debug|Any CPU
		{F9FEE1CE-2C1E-4B88-9CC3-4FAD3B9A9CC7}.Debug|Any CPU.Deploy.0 = Debug|Any CPU
		{F9FEE1CE-2C1E-4B88-9CC3-4FAD3B9A9CC7}.Release|Any CPU.ActiveCfg = Release|Any CPU
		{F9FEE1CE-2C1E-4B88-9CC3-4FAD3B9A9CC7}.Release|Any CPU.Build.0 = Release|Any CPU
		{F9FEE1CE-2C1E-4B88-9CC3-4FAD3B9A9CC7}.Release|Any CPU.Deploy.0 = Release|Any CPU
		{64B75214-0518-4D31-B8F8-03D1366FF019}.Debug|Any CPU.ActiveCfg = Debug|Any CPU
		{64B75214-0518-4D31-B8F8-03D1366FF019}.Debug|Any CPU.Build.0 = Debug|Any CPU
		{64B75214-0518-4D31-B8F8-03D1366FF019}.Debug|Any CPU.Deploy.0 = Debug|Any CPU
		{64B75214-0518-4D31-B8F8-03D1366FF019}.Release|Any CPU.ActiveCfg = Release|Any CPU
		{64B75214-0518-4D31-B8F8-03D1366FF019}.Release|Any CPU.Build.0 = Release|Any CPU
		{64B75214-0518-4D31-B8F8-03D1366FF019}.Release|Any CPU.Deploy.0 = Release|Any CPU
	EndGlobalSection
	GlobalSection(SolutionProperties) = preSolution
		HideSolutionNode = FALSE
	EndGlobalSection
	GlobalSection(ExtensibilityGlobals) = postSolution
		SolutionGuid = {7EF641A1-74AD-4475-A678-3ED8D2033229}
	EndGlobalSection
EndGlobal
